<?xml version="1.0" encoding="utf-8"?>
<Project ToolsVersion="4.0" xmlns="http://schemas.microsoft.com/developer/msbuild/2003">
  <ItemGroup>
    <Filter Include="Source Files">
      <UniqueIdentifier>{b8c49c4b-b65b-4a95-ba22-33da0d38f77e}</UniqueIdentifier>
    </Filter>
    <Filter Include="Generated Files">
      <UniqueIdentifier>{7512c712-2b22-4cec-ba97-fd98ad6ac104}</UniqueIdentifier>
      <SourceControlFiles>False</SourceControlFiles>
    </Filter>
  </ItemGroup>
  <ItemGroup>
    <None Include="Lab3ps.def" />
  </ItemGroup>
  <ItemGroup>
    <ClCompile Include="Lab3_i.c">
      <Filter>Generated Files</Filter>
    </ClCompile>
    <ClCompile Include="Lab3_p.c">
      <Filter>Generated Files</Filter>
    </ClCompile>
    <ClCompile Include="dlldata.c">
      <Filter>Generated Files</Filter>
    </ClCompile>
  </ItemGroup>
</Project>